
Microsoft Visual Studio Solution File, Format Version 12.00
# Visual Studio 15
VisualStudioVersion = 15.0.28307.1433
MinimumVisualStudioVersion = 10.0.40219.1
Project("{FAE04EC0-301F-11D3-BF4B-00C04F79EFBC}") = "Calculadora", "Calculadora\Calculadora.csproj", "{9095C701-A8AB-4E49-8ECF-8F41090621B0}"
EndProject
Global
	GlobalSection(SolutionConfigurationPlatforms) = preSolution
		Debug|Any CPU = Debug|Any CPU
		Release|Any CPU = Release|Any CPU
	EndGlobalSection
	GlobalSection(ProjectConfigurationPlatforms) = postSolution
		{9095C701-A8AB-4E49-8ECF-8F41090621B0}.Debug|Any CPU.ActiveCfg = Debug|Any CPU
		{9095C701-A8AB-4E49-8ECF-8F41090621B0}.Debug|Any CPU.Build.0 = Debug|Any CPU
		{9095C701-A8AB-4E49-8ECF-8F41090621B0}.Release|Any CPU.ActiveCfg = Release|Any CPU
		{9095C701-A8AB-4E49-8ECF-8F41090621B0}.Release|Any CPU.Build.0 = Release|Any CPU
	EndGlobalSection
	GlobalSection(SolutionProperties) = preSolution
		HideSolutionNode = FALSE
	EndGlobalSection
	GlobalSection(ExtensibilityGlobals) = postSolution
		SolutionGuid = {37052CE6-5663-4FF1-8A3B-7A24299F8B2D}
	EndGlobalSection
EndGlobal
